
Microsoft Visual Studio Solution File, Format Version 12.00
# Visual Studio Version 17
VisualStudioVersion = 17.6.33723.286
MinimumVisualStudioVersion = 10.0.40219.1
Project("{9A19103F-16F7-4668-BE54-9A1E7A4F7556}") = "Karaoke", "Karaoke\Karaoke.csproj", "{757D0E24-9395-4BCD-BDCF-80FBDA036FBF}"
EndProject
Global
	GlobalSection(SolutionConfigurationPlatforms) = preSolution
		Debug|Any CPU = Debug|Any CPU
		Release|Any CPU = Release|Any CPU
	EndGlobalSection
	GlobalSection(ProjectConfigurationPlatforms) = postSolution
		{757D0E24-9395-4BCD-BDCF-80FBDA036FBF}.Debug|Any CPU.ActiveCfg = Debug|Any CPU
		{757D0E24-9395-4BCD-BDCF-80FBDA036FBF}.Debug|Any CPU.Build.0 = Debug|Any CPU
		{757D0E24-9395-4BCD-BDCF-80FBDA036FBF}.Release|Any CPU.ActiveCfg = Release|Any CPU
		{757D0E24-9395-4BCD-BDCF-80FBDA036FBF}.Release|Any CPU.Build.0 = Release|Any CPU
	EndGlobalSection
	GlobalSection(SolutionProperties) = preSolution
		HideSolutionNode = FALSE
	EndGlobalSection
	GlobalSection(ExtensibilityGlobals) = postSolution
		SolutionGuid = {12B3A7C5-92E8-4E1F-9DA8-3FAA937F8C03}
	EndGlobalSection
EndGlobal
